// !$*UTF8*$!
{
	archiveVersion = 1;
	classes = {
	};
	objectVersion = 56;
	objects = {

/* Begin PBXBuildFile section */
		033DCA2E2BEA92E500FD4B83 /* AppDelegate.swift in Sources */ = {isa = PBXBuildFile; fileRef = 033DCA2D2BEA92E500FD4B83 /* AppDelegate.swift */; };
		033DCA302BEA92E500FD4B83 /* SceneDelegate.swift in Sources */ = {isa = PBXBuildFile; fileRef = 033DCA2F2BEA92E500FD4B83 /* SceneDelegate.swift */; };
		033DCA322BEA92E500FD4B83 /* ViewController.swift in Sources */ = {isa = PBXBuildFile; fileRef = 033DCA312BEA92E500FD4B83 /* ViewController.swift */; };
		033DCA372BEA92E700FD4B83 /* Assets.xcassets in Resources */ = {isa = PBXBuildFile; fileRef = 033DCA362BEA92E700FD4B83 /* Assets.xcassets */; };
		033DCA3A2BEA92E700FD4B83 /* LaunchScreen.storyboard in Resources */ = {isa = PBXBuildFile; fileRef = 033DCA382BEA92E700FD4B83 /* LaunchScreen.storyboard */; };
		033DCA452BEB10A100FD4B83 /* UIFont+Extension.swift in Sources */ = {isa = PBXBuildFile; fileRef = 033DCA442BEB10A100FD4B83 /* UIFont+Extension.swift */; };
		038D3C222BECAA74002BE27E /* COPYRIGHT.txt in Resources */ = {isa = PBXBuildFile; fileRef = 038D3C0E2BECAA74002BE27E /* COPYRIGHT.txt */; };
		038D3C232BECAA74002BE27E /* abosanova.ttf in Resources */ = {isa = PBXBuildFile; fileRef = 038D3C0F2BECAA74002BE27E /* abosanova.ttf */; };
		038D3C242BECAA74002BE27E /* abosanovabold.ttf in Resources */ = {isa = PBXBuildFile; fileRef = 038D3C102BECAA74002BE27E /* abosanovabold.ttf */; };
		038D3C252BECAA74002BE27E /* Roboto-Medium.ttf in Resources */ = {isa = PBXBuildFile; fileRef = 038D3C122BECAA74002BE27E /* Roboto-Medium.ttf */; };
		038D3C262BECAA74002BE27E /* Roboto-Light.ttf in Resources */ = {isa = PBXBuildFile; fileRef = 038D3C132BECAA74002BE27E /* Roboto-Light.ttf */; };
		038D3C272BECAA74002BE27E /* Roboto-Regular.ttf in Resources */ = {isa = PBXBuildFile; fileRef = 038D3C142BECAA74002BE27E /* Roboto-Regular.ttf */; };
		038D3C282BECAA74002BE27E /* Roboto-MediumItalic.ttf in Resources */ = {isa = PBXBuildFile; fileRef = 038D3C152BECAA74002BE27E /* Roboto-MediumItalic.ttf */; };
		038D3C292BECAA74002BE27E /* Roboto-ThinItalic.ttf in Resources */ = {isa = PBXBuildFile; fileRef = 038D3C162BECAA74002BE27E /* Roboto-ThinItalic.ttf */; };
		038D3C2A2BECAA74002BE27E /* Roboto-BoldItalic.ttf in Resources */ = {isa = PBXBuildFile; fileRef = 038D3C172BECAA74002BE27E /* Roboto-BoldItalic.ttf */; };
		038D3C2B2BECAA74002BE27E /* Roboto-LightItalic.ttf in Resources */ = {isa = PBXBuildFile; fileRef = 038D3C182BECAA74002BE27E /* Roboto-LightItalic.ttf */; };
		038D3C2C2BECAA74002BE27E /* Roboto-Italic.ttf in Resources */ = {isa = PBXBuildFile; fileRef = 038D3C192BECAA74002BE27E /* Roboto-Italic.ttf */; };
		038D3C2D2BECAA74002BE27E /* LICENSE.txt in Resources */ = {isa = PBXBuildFile; fileRef = 038D3C1A2BECAA74002BE27E /* LICENSE.txt */; };
		038D3C2E2BECAA74002BE27E /* Roboto-BlackItalic.ttf in Resources */ = {isa = PBXBuildFile; fileRef = 038D3C1B2BECAA74002BE27E /* Roboto-BlackItalic.ttf */; };
		038D3C2F2BECAA74002BE27E /* Roboto-Bold.ttf in Resources */ = {isa = PBXBuildFile; fileRef = 038D3C1C2BECAA74002BE27E /* Roboto-Bold.ttf */; };
		038D3C302BECAA74002BE27E /* Roboto-Thin.ttf in Resources */ = {isa = PBXBuildFile; fileRef = 038D3C1D2BECAA74002BE27E /* Roboto-Thin.ttf */; };
		038D3C312BECAA74002BE27E /* Roboto-Black.ttf in Resources */ = {isa = PBXBuildFile; fileRef = 038D3C1E2BECAA74002BE27E /* Roboto-Black.ttf */; };
		038D3C322BECAA74002BE27E /* OFL.txt in Resources */ = {isa = PBXBuildFile; fileRef = 038D3C202BECAA74002BE27E /* OFL.txt */; };
		038D3C332BECAA74002BE27E /* NotoColorEmoji-Regular.ttf in Resources */ = {isa = PBXBuildFile; fileRef = 038D3C212BECAA74002BE27E /* NotoColorEmoji-Regular.ttf */; };
/* End PBXBuildFile section */

/* Begin PBXFileReference section */
		030515402BEBCAB700AF5B56 /* FooD.xcodeproj */ = {isa = PBXFileReference; lastKnownFileType = "wrapper.pb-project"; path = FooD.xcodeproj; sourceTree = "<group>"; };
		033DCA2A2BEA92E500FD4B83 /* FooD.app */ = {isa = PBXFileReference; explicitFileType = wrapper.application; includeInIndex = 0; path = FooD.app; sourceTree = BUILT_PRODUCTS_DIR; };
		033DCA2D2BEA92E500FD4B83 /* AppDelegate.swift */ = {isa = PBXFileReference; lastKnownFileType = sourcecode.swift; path = AppDelegate.swift; sourceTree = "<group>"; };
		033DCA2F2BEA92E500FD4B83 /* SceneDelegate.swift */ = {isa = PBXFileReference; lastKnownFileType = sourcecode.swift; path = SceneDelegate.swift; sourceTree = "<group>"; };
		033DCA312BEA92E500FD4B83 /* ViewController.swift */ = {isa = PBXFileReference; lastKnownFileType = sourcecode.swift; path = ViewController.swift; sourceTree = "<group>"; };
		033DCA362BEA92E700FD4B83 /* Assets.xcassets */ = {isa = PBXFileReference; lastKnownFileType = folder.assetcatalog; path = Assets.xcassets; sourceTree = "<group>"; };
		033DCA392BEA92E700FD4B83 /* Base */ = {isa = PBXFileReference; lastKnownFileType = file.storyboard; name = Base; path = Base.lproj/LaunchScreen.storyboard; sourceTree = "<group>"; };
		033DCA3B2BEA92E700FD4B83 /* Info.plist */ = {isa = PBXFileReference; lastKnownFileType = text.plist.xml; path = Info.plist; sourceTree = "<group>"; };
		033DCA442BEB10A100FD4B83 /* UIFont+Extension.swift */ = {isa = PBXFileReference; lastKnownFileType = sourcecode.swift; path = "UIFont+Extension.swift"; sourceTree = "<group>"; };
		038D3C0E2BECAA74002BE27E /* COPYRIGHT.txt */ = {isa = PBXFileReference; fileEncoding = 4; lastKnownFileType = text; path = COPYRIGHT.txt; sourceTree = "<group>"; };
		038D3C0F2BECAA74002BE27E /* abosanova.ttf */ = {isa = PBXFileReference; lastKnownFileType = file; path = abosanova.ttf; sourceTree = "<group>"; };
		038D3C102BECAA74002BE27E /* abosanovabold.ttf */ = {isa = PBXFileReference; lastKnownFileType = file; path = abosanovabold.ttf; sourceTree = "<group>"; };
		038D3C122BECAA74002BE27E /* Roboto-Medium.ttf */ = {isa = PBXFileReference; lastKnownFileType = file; path = "Roboto-Medium.ttf"; sourceTree = "<group>"; };
		038D3C132BECAA74002BE27E /* Roboto-Light.ttf */ = {isa = PBXFileReference; lastKnownFileType = file; path = "Roboto-Light.ttf"; sourceTree = "<group>"; };
		038D3C142BECAA74002BE27E /* Roboto-Regular.ttf */ = {isa = PBXFileReference; lastKnownFileType = file; path = "Roboto-Regular.ttf"; sourceTree = "<group>"; };
		038D3C152BECAA74002BE27E /* Roboto-MediumItalic.ttf */ = {isa = PBXFileReference; lastKnownFileType = file; path = "Roboto-MediumItalic.ttf"; sourceTree = "<group>"; };
		038D3C162BECAA74002BE27E /* Roboto-ThinItalic.ttf */ = {isa = PBXFileReference; lastKnownFileType = file; path = "Roboto-ThinItalic.ttf"; sourceTree = "<group>"; };
		038D3C172BECAA74002BE27E /* Roboto-BoldItalic.ttf */ = {isa = PBXFileReference; lastKnownFileType = file; path = "Roboto-BoldItalic.ttf"; sourceTree = "<group>"; };
		038D3C182BECAA74002BE27E /* Roboto-LightItalic.ttf */ = {isa = PBXFileReference; lastKnownFileType = file; path = "Roboto-LightItalic.ttf"; sourceTree = "<group>"; };
		038D3C192BECAA74002BE27E /* Roboto-Italic.ttf */ = {isa = PBXFileReference; lastKnownFileType = file; path = "Roboto-Italic.ttf"; sourceTree = "<group>"; };
		038D3C1A2BECAA74002BE27E /* LICENSE.txt */ = {isa = PBXFileReference; fileEncoding = 4; lastKnownFileType = text; path = LICENSE.txt; sourceTree = "<group>"; };
		038D3C1B2BECAA74002BE27E /* Roboto-BlackItalic.ttf */ = {isa = PBXFileReference; lastKnownFileType = file; path = "Roboto-BlackItalic.ttf"; sourceTree = "<group>"; };
		038D3C1C2BECAA74002BE27E /* Roboto-Bold.ttf */ = {isa = PBXFileReference; lastKnownFileType = file; path = "Roboto-Bold.ttf"; sourceTree = "<group>"; };
		038D3C1D2BECAA74002BE27E /* Roboto-Thin.ttf */ = {isa = PBXFileReference; lastKnownFileType = file; path = "Roboto-Thin.ttf"; sourceTree = "<group>"; };
		038D3C1E2BECAA74002BE27E /* Roboto-Black.ttf */ = {isa = PBXFileReference; lastKnownFileType = file; path = "Roboto-Black.ttf"; sourceTree = "<group>"; };
		038D3C202BECAA74002BE27E /* OFL.txt */ = {isa = PBXFileReference; fileEncoding = 4; lastKnownFileType = text; path = OFL.txt; sourceTree = "<group>"; };
		038D3C212BECAA74002BE27E /* NotoColorEmoji-Regular.ttf */ = {isa = PBXFileReference; lastKnownFileType = file; path = "NotoColorEmoji-Regular.ttf"; sourceTree = "<group>"; };
/* End PBXFileReference section */

/* Begin PBXFrameworksBuildPhase section */
		033DCA272BEA92E500FD4B83 /* Frameworks */ = {
			isa = PBXFrameworksBuildPhase;
			buildActionMask = 2147483647;
			files = (
			);
			runOnlyForDeploymentPostprocessing = 0;
		};
/* End PBXFrameworksBuildPhase section */

/* Begin PBXGroup section */
		030515412BEBCAB700AF5B56 /* Products */ = {
			isa = PBXGroup;
			name = Products;
			sourceTree = "<group>";
		};
		033DCA212BEA92E500FD4B83 = {
			isa = PBXGroup;
			children = (
				030515402BEBCAB700AF5B56 /* FooD.xcodeproj */,
				033DCA2C2BEA92E500FD4B83 /* FooD */,
				033DCA2B2BEA92E500FD4B83 /* Products */,
			);
			sourceTree = "<group>";
		};
		033DCA2B2BEA92E500FD4B83 /* Products */ = {
			isa = PBXGroup;
			children = (
				033DCA2A2BEA92E500FD4B83 /* FooD.app */,
			);
			name = Products;
			sourceTree = "<group>";
		};
		033DCA2C2BEA92E500FD4B83 /* FooD */ = {
			isa = PBXGroup;
			children = (
				033DCA412BEB0BCC00FD4B83 /* Resources */,
				033DCA2D2BEA92E500FD4B83 /* AppDelegate.swift */,
				033DCA2F2BEA92E500FD4B83 /* SceneDelegate.swift */,
				033DCA312BEA92E500FD4B83 /* ViewController.swift */,
				033DCA362BEA92E700FD4B83 /* Assets.xcassets */,
				033DCA382BEA92E700FD4B83 /* LaunchScreen.storyboard */,
				033DCA3B2BEA92E700FD4B83 /* Info.plist */,
			);
			path = FooD;
			sourceTree = "<group>";
		};
		033DCA412BEB0BCC00FD4B83 /* Resources */ = {
			isa = PBXGroup;
			children = (
				038D3C0C2BECAA74002BE27E /* Font */,
				033DCA432BEB105300FD4B83 /* Extension */,
			);
			path = Resources;
			sourceTree = "<group>";
		};
		033DCA432BEB105300FD4B83 /* Extension */ = {
			isa = PBXGroup;
			children = (
				033DCA442BEB10A100FD4B83 /* UIFont+Extension.swift */,
			);
			path = Extension;
			sourceTree = "<group>";
		};
		038D3C0C2BECAA74002BE27E /* Font */ = {
			isa = PBXGroup;
			children = (
				038D3C0D2BECAA74002BE27E /* a_BosaNova */,
				038D3C112BECAA74002BE27E /* Roboto */,
				038D3C1F2BECAA74002BE27E /* Noto_Color_Emoji */,
			);
			path = Font;
			sourceTree = "<group>";
		};
		038D3C0D2BECAA74002BE27E /* a_BosaNova */ = {
			isa = PBXGroup;
			children = (
				038D3C0E2BECAA74002BE27E /* COPYRIGHT.txt */,
				038D3C0F2BECAA74002BE27E /* abosanova.ttf */,
				038D3C102BECAA74002BE27E /* abosanovabold.ttf */,
			);
			path = a_BosaNova;
			sourceTree = "<group>";
		};
		038D3C112BECAA74002BE27E /* Roboto */ = {
			isa = PBXGroup;
			children = (
				038D3C122BECAA74002BE27E /* Roboto-Medium.ttf */,
				038D3C132BECAA74002BE27E /* Roboto-Light.ttf */,
				038D3C142BECAA74002BE27E /* Roboto-Regular.ttf */,
				038D3C152BECAA74002BE27E /* Roboto-MediumItalic.ttf */,
				038D3C162BECAA74002BE27E /* Roboto-ThinItalic.ttf */,
				038D3C172BECAA74002BE27E /* Roboto-BoldItalic.ttf */,
				038D3C182BECAA74002BE27E /* Roboto-LightItalic.ttf */,
				038D3C192BECAA74002BE27E /* Roboto-Italic.ttf */,
				038D3C1A2BECAA74002BE27E /* LICENSE.txt */,
				038D3C1B2BECAA74002BE27E /* Roboto-BlackItalic.ttf */,
				038D3C1C2BECAA74002BE27E /* Roboto-Bold.ttf */,
				038D3C1D2BECAA74002BE27E /* Roboto-Thin.ttf */,
				038D3C1E2BECAA74002BE27E /* Roboto-Black.ttf */,
			);
			path = Roboto;
			sourceTree = "<group>";
		};
		038D3C1F2BECAA74002BE27E /* Noto_Color_Emoji */ = {
			isa = PBXGroup;
			children = (
				038D3C202BECAA74002BE27E /* OFL.txt */,
				038D3C212BECAA74002BE27E /* NotoColorEmoji-Regular.ttf */,
			);
			path = Noto_Color_Emoji;
			sourceTree = "<group>";
		};
/* End PBXGroup section */

/* Begin PBXNativeTarget section */
		033DCA292BEA92E500FD4B83 /* FooD */ = {
			isa = PBXNativeTarget;
			buildConfigurationList = 033DCA3E2BEA92E700FD4B83 /* Build configuration list for PBXNativeTarget "FooD" */;
			buildPhases = (
				033DCA262BEA92E500FD4B83 /* Sources */,
				033DCA272BEA92E500FD4B83 /* Frameworks */,
				033DCA282BEA92E500FD4B83 /* Resources */,
			);
			buildRules = (
			);
			dependencies = (
			);
			name = FooD;
			productName = FooD;
			productReference = 033DCA2A2BEA92E500FD4B83 /* FooD.app */;
			productType = "com.apple.product-type.application";
		};
/* End PBXNativeTarget section */

/* Begin PBXProject section */
		033DCA222BEA92E500FD4B83 /* Project object */ = {
			isa = PBXProject;
			attributes = {
				BuildIndependentTargetsInParallel = 1;
				LastSwiftUpdateCheck = 1500;
				LastUpgradeCheck = 1500;
				TargetAttributes = {
					033DCA292BEA92E500FD4B83 = {
						CreatedOnToolsVersion = 15.0;
					};
				};
			};
			buildConfigurationList = 033DCA252BEA92E500FD4B83 /* Build configuration list for PBXProject "FooD" */;
			compatibilityVersion = "Xcode 14.0";
			developmentRegion = en;
			hasScannedForEncodings = 0;
			knownRegions = (
				en,
				Base,
			);
			mainGroup = 033DCA212BEA92E500FD4B83;
			productRefGroup = 033DCA2B2BEA92E500FD4B83 /* Products */;
			projectDirPath = "";
			projectReferences = (
				{
					ProductGroup = 030515412BEBCAB700AF5B56 /* Products */;
					ProjectRef = 030515402BEBCAB700AF5B56 /* FooD.xcodeproj */;
				},
			);
			projectRoot = "";
			targets = (
				033DCA292BEA92E500FD4B83 /* FooD */,
			);
		};
/* End PBXProject section */

/* Begin PBXResourcesBuildPhase section */
		033DCA282BEA92E500FD4B83 /* Resources */ = {
			isa = PBXResourcesBuildPhase;
			buildActionMask = 2147483647;
			files = (
				038D3C222BECAA74002BE27E /* COPYRIGHT.txt in Resources */,
				038D3C332BECAA74002BE27E /* NotoColorEmoji-Regular.ttf in Resources */,
				033DCA3A2BEA92E700FD4B83 /* LaunchScreen.storyboard in Resources */,
				038D3C2D2BECAA74002BE27E /* LICENSE.txt in Resources */,
				038D3C292BECAA74002BE27E /* Roboto-ThinItalic.ttf in Resources */,
				038D3C2B2BECAA74002BE27E /* Roboto-LightItalic.ttf in Resources */,
				038D3C2F2BECAA74002BE27E /* Roboto-Bold.ttf in Resources */,
				038D3C252BECAA74002BE27E /* Roboto-Medium.ttf in Resources */,
				038D3C302BECAA74002BE27E /* Roboto-Thin.ttf in Resources */,
				038D3C2E2BECAA74002BE27E /* Roboto-BlackItalic.ttf in Resources */,
				038D3C322BECAA74002BE27E /* OFL.txt in Resources */,
				033DCA372BEA92E700FD4B83 /* Assets.xcassets in Resources */,
				038D3C2A2BECAA74002BE27E /* Roboto-BoldItalic.ttf in Resources */,
				038D3C242BECAA74002BE27E /* abosanovabold.ttf in Resources */,
				038D3C282BECAA74002BE27E /* Roboto-MediumItalic.ttf in Resources */,
				038D3C312BECAA74002BE27E /* Roboto-Black.ttf in Resources */,
				038D3C272BECAA74002BE27E /* Roboto-Regular.ttf in Resources */,
				038D3C2C2BECAA74002BE27E /* Roboto-Italic.ttf in Resources */,
				038D3C262BECAA74002BE27E /* Roboto-Light.ttf in Resources */,
				038D3C232BECAA74002BE27E /* abosanova.ttf in Resources */,
			);
			runOnlyForDeploymentPostprocessing = 0;
		};
/* End PBXResourcesBuildPhase section */

/* Begin PBXSourcesBuildPhase section */
		033DCA262BEA92E500FD4B83 /* Sources */ = {
			isa = PBXSourcesBuildPhase;
			buildActionMask = 2147483647;
			files = (
				033DCA322BEA92E500FD4B83 /* ViewController.swift in Sources */,
				033DCA2E2BEA92E500FD4B83 /* AppDelegate.swift in Sources */,
				033DCA452BEB10A100FD4B83 /* UIFont+Extension.swift in Sources */,
				033DCA302BEA92E500FD4B83 /* SceneDelegate.swift in Sources */,
			);
			runOnlyForDeploymentPostprocessing = 0;
		};
/* End PBXSourcesBuildPhase section */

/* Begin PBXVariantGroup section */
		033DCA382BEA92E700FD4B83 /* LaunchScreen.storyboard */ = {
			isa = PBXVariantGroup;
			children = (
				033DCA392BEA92E700FD4B83 /* Base */,
			);
			name = LaunchScreen.storyboard;
			sourceTree = "<group>";
		};
/* End PBXVariantGroup section */

/* Begin XCBuildConfiguration section */
		033DCA3C2BEA92E700FD4B83 /* Debug */ = {
			isa = XCBuildConfiguration;
			buildSettings = {
				ALWAYS_SEARCH_USER_PATHS = NO;
				ASSETCATALOG_COMPILER_GENERATE_SWIFT_ASSET_SYMBOL_EXTENSIONS = YES;
				CLANG_ANALYZER_NONNULL = YES;
				CLANG_ANALYZER_NUMBER_OBJECT_CONVERSION = YES_AGGRESSIVE;
				CLANG_CXX_LANGUAGE_STANDARD = "gnu++20";
				CLANG_ENABLE_MODULES = YES;
				CLANG_ENABLE_OBJC_ARC = YES;
				CLANG_ENABLE_OBJC_WEAK = YES;
				CLANG_WARN_BLOCK_CAPTURE_AUTORELEASING = YES;
				CLANG_WARN_BOOL_CONVERSION = YES;
				CLANG_WARN_COMMA = YES;
				CLANG_WARN_CONSTANT_CONVERSION = YES;
				CLANG_WARN_DEPRECATED_OBJC_IMPLEMENTATIONS = YES;
				CLANG_WARN_DIRECT_OBJC_ISA_USAGE = YES_ERROR;
				CLANG_WARN_DOCUMENTATION_COMMENTS = YES;
				CLANG_WARN_EMPTY_BODY = YES;
				CLANG_WARN_ENUM_CONVERSION = YES;
				CLANG_WARN_INFINITE_RECURSION = YES;
				CLANG_WARN_INT_CONVERSION = YES;
				CLANG_WARN_NON_LITERAL_NULL_CONVERSION = YES;
				CLANG_WARN_OBJC_IMPLICIT_RETAIN_SELF = YES;
				CLANG_WARN_OBJC_LITERAL_CONVERSION = YES;
				CLANG_WARN_OBJC_ROOT_CLASS = YES_ERROR;
				CLANG_WARN_QUOTED_INCLUDE_IN_FRAMEWORK_HEADER = YES;
				CLANG_WARN_RANGE_LOOP_ANALYSIS = YES;
				CLANG_WARN_STRICT_PROTOTYPES = YES;
				CLANG_WARN_SUSPICIOUS_MOVE = YES;
				CLANG_WARN_UNGUARDED_AVAILABILITY = YES_AGGRESSIVE;
				CLANG_WARN_UNREACHABLE_CODE = YES;
				CLANG_WARN__DUPLICATE_METHOD_MATCH = YES;
				COPY_PHASE_STRIP = NO;
				DEBUG_INFORMATION_FORMAT = dwarf;
				ENABLE_STRICT_OBJC_MSGSEND = YES;
				ENABLE_TESTABILITY = YES;
				ENABLE_USER_SCRIPT_SANDBOXING = YES;
				GCC_C_LANGUAGE_STANDARD = gnu17;
				GCC_DYNAMIC_NO_PIC = NO;
				GCC_NO_COMMON_BLOCKS = YES;
				GCC_OPTIMIZATION_LEVEL = 0;
				GCC_PREPROCESSOR_DEFINITIONS = (
					"DEBUG=1",
					"$(inherited)",
				);
				GCC_WARN_64_TO_32_BIT_CONVERSION = YES;
				GCC_WARN_ABOUT_RETURN_TYPE = YES_ERROR;
				GCC_WARN_UNDECLARED_SELECTOR = YES;
				GCC_WARN_UNINITIALIZED_AUTOS = YES_AGGRESSIVE;
				GCC_WARN_UNUSED_FUNCTION = YES;
				GCC_WARN_UNUSED_VARIABLE = YES;
				IPHONEOS_DEPLOYMENT_TARGET = 17.0;
				LOCALIZATION_PREFERS_STRING_CATALOGS = YES;
				MTL_ENABLE_DEBUG_INFO = INCLUDE_SOURCE;
				MTL_FAST_MATH = YES;
				ONLY_ACTIVE_ARCH = YES;
				SDKROOT = iphoneos;
				SWIFT_ACTIVE_COMPILATION_CONDITIONS = "DEBUG $(inherited)";
				SWIFT_OPTIMIZATION_LEVEL = "-Onone";
			};
			name = Debug;
		};
		033DCA3D2BEA92E700FD4B83 /* Release */ = {
			isa = XCBuildConfiguration;
			buildSettings = {
				ALWAYS_SEARCH_USER_PATHS = NO;
				ASSETCATALOG_COMPILER_GENERATE_SWIFT_ASSET_SYMBOL_EXTENSIONS = YES;
				CLANG_ANALYZER_NONNULL = YES;
				CLANG_ANALYZER_NUMBER_OBJECT_CONVERSION = YES_AGGRESSIVE;
				CLANG_CXX_LANGUAGE_STANDARD = "gnu++20";
				CLANG_ENABLE_MODULES = YES;
				CLANG_ENABLE_OBJC_ARC = YES;
				CLANG_ENABLE_OBJC_WEAK = YES;
				CLANG_WARN_BLOCK_CAPTURE_AUTORELEASING = YES;
				CLANG_WARN_BOOL_CONVERSION = YES;
				CLANG_WARN_COMMA = YES;
				CLANG_WARN_CONSTANT_CONVERSION = YES;
				CLANG_WARN_DEPRECATED_OBJC_IMPLEMENTATIONS = YES;
				CLANG_WARN_DIRECT_OBJC_ISA_USAGE = YES_ERROR;
				CLANG_WARN_DOCUMENTATION_COMMENTS = YES;
				CLANG_WARN_EMPTY_BODY = YES;
				CLANG_WARN_ENUM_CONVERSION = YES;
				CLANG_WARN_INFINITE_RECURSION = YES;
				CLANG_WARN_INT_CONVERSION = YES;
				CLANG_WARN_NON_LITERAL_NULL_CONVERSION = YES;
				CLANG_WARN_OBJC_IMPLICIT_RETAIN_SELF = YES;
				CLANG_WARN_OBJC_LITERAL_CONVERSION = YES;
				CLANG_WARN_OBJC_ROOT_CLASS = YES_ERROR;
				CLANG_WARN_QUOTED_INCLUDE_IN_FRAMEWORK_HEADER = YES;
				CLANG_WARN_RANGE_LOOP_ANALYSIS = YES;
				CLANG_WARN_STRICT_PROTOTYPES = YES;
				CLANG_WARN_SUSPICIOUS_MOVE = YES;
				CLANG_WARN_UNGUARDED_AVAILABILITY = YES_AGGRESSIVE;
				CLANG_WARN_UNREACHABLE_CODE = YES;
				CLANG_WARN__DUPLICATE_METHOD_MATCH = YES;
				COPY_PHASE_STRIP = NO;
				DEBUG_INFORMATION_FORMAT = "dwarf-with-dsym";
				ENABLE_NS_ASSERTIONS = NO;
				ENABLE_STRICT_OBJC_MSGSEND = YES;
				ENABLE_USER_SCRIPT_SANDBOXING = YES;
				GCC_C_LANGUAGE_STANDARD = gnu17;
				GCC_NO_COMMON_BLOCKS = YES;
				GCC_WARN_64_TO_32_BIT_CONVERSION = YES;
				GCC_WARN_ABOUT_RETURN_TYPE = YES_ERROR;
				GCC_WARN_UNDECLARED_SELECTOR = YES;
				GCC_WARN_UNINITIALIZED_AUTOS = YES_AGGRESSIVE;
				GCC_WARN_UNUSED_FUNCTION = YES;
				GCC_WARN_UNUSED_VARIABLE = YES;
				IPHONEOS_DEPLOYMENT_TARGET = 17.0;
				LOCALIZATION_PREFERS_STRING_CATALOGS = YES;
				MTL_ENABLE_DEBUG_INFO = NO;
				MTL_FAST_MATH = YES;
				SDKROOT = iphoneos;
				SWIFT_COMPILATION_MODE = wholemodule;
				VALIDATE_PRODUCT = YES;
			};
			name = Release;
		};
		033DCA3F2BEA92E700FD4B83 /* Debug */ = {
			isa = XCBuildConfiguration;
			buildSettings = {
				ASSETCATALOG_COMPILER_APPICON_NAME = AppIcon;
				ASSETCATALOG_COMPILER_GLOBAL_ACCENT_COLOR_NAME = AccentColor;
				CODE_SIGN_STYLE = Automatic;
				CURRENT_PROJECT_VERSION = 1;
				GENERATE_INFOPLIST_FILE = YES;
				INFOPLIST_FILE = FooD/Info.plist;
				INFOPLIST_KEY_UIApplicationSupportsIndirectInputEvents = YES;
				INFOPLIST_KEY_UILaunchStoryboardName = LaunchScreen;
				INFOPLIST_KEY_UISupportedInterfaceOrientations_iPad = "UIInterfaceOrientationPortrait UIInterfaceOrientationPortraitUpsideDown UIInterfaceOrientationLandscapeLeft UIInterfaceOrientationLandscapeRight";
				INFOPLIST_KEY_UISupportedInterfaceOrientations_iPhone = "UIInterfaceOrientationPortrait UIInterfaceOrientationLandscapeLeft UIInterfaceOrientationLandscapeRight";
				LD_RUNPATH_SEARCH_PATHS = (
					"$(inherited)",
					"@executable_path/Frameworks",
				);
				MARKETING_VERSION = 1.0;
				PRODUCT_BUNDLE_IDENTIFIER = ooo.cmex.FooD;
				PRODUCT_NAME = "$(TARGET_NAME)";
				SWIFT_EMIT_LOC_STRINGS = YES;
				SWIFT_VERSION = 5.0;
				TARGETED_DEVICE_FAMILY = "1,2";
			};
			name = Debug;
		};
		033DCA402BEA92E700FD4B83 /* Release */ = {
			isa = XCBuildConfiguration;
			buildSettings = {
				ASSETCATALOG_COMPILER_APPICON_NAME = AppIcon;
				ASSETCATALOG_COMPILER_GLOBAL_ACCENT_COLOR_NAME = AccentColor;
				CODE_SIGN_STYLE = Automatic;
				CURRENT_PROJECT_VERSION = 1;
				GENERATE_INFOPLIST_FILE = YES;
				INFOPLIST_FILE = FooD/Info.plist;
				INFOPLIST_KEY_UIApplicationSupportsIndirectInputEvents = YES;
				INFOPLIST_KEY_UILaunchStoryboardName = LaunchScreen;
				INFOPLIST_KEY_UISupportedInterfaceOrientations_iPad = "UIInterfaceOrientationPortrait UIInterfaceOrientationPortraitUpsideDown UIInterfaceOrientationLandscapeLeft UIInterfaceOrientationLandscapeRight";
				INFOPLIST_KEY_UISupportedInterfaceOrientations_iPhone = "UIInterfaceOrientationPortrait UIInterfaceOrientationLandscapeLeft UIInterfaceOrientationLandscapeRight";
				LD_RUNPATH_SEARCH_PATHS = (
					"$(inherited)",
					"@executable_path/Frameworks",
				);
				MARKETING_VERSION = 1.0;
				PRODUCT_BUNDLE_IDENTIFIER = ooo.cmex.FooD;
				PRODUCT_NAME = "$(TARGET_NAME)";
				SWIFT_EMIT_LOC_STRINGS = YES;
				SWIFT_VERSION = 5.0;
				TARGETED_DEVICE_FAMILY = "1,2";
			};
			name = Release;
		};
/* End XCBuildConfiguration section */

/* Begin XCConfigurationList section */
		033DCA252BEA92E500FD4B83 /* Build configuration list for PBXProject "FooD" */ = {
			isa = XCConfigurationList;
			buildConfigurations = (
				033DCA3C2BEA92E700FD4B83 /* Debug */,
				033DCA3D2BEA92E700FD4B83 /* Release */,
			);
			defaultConfigurationIsVisible = 0;
			defaultConfigurationName = Release;
		};
		033DCA3E2BEA92E700FD4B83 /* Build configuration list for PBXNativeTarget "FooD" */ = {
			isa = XCConfigurationList;
			buildConfigurations = (
				033DCA3F2BEA92E700FD4B83 /* Debug */,
				033DCA402BEA92E700FD4B83 /* Release */,
			);
			defaultConfigurationIsVisible = 0;
			defaultConfigurationName = Release;
		};
/* End XCConfigurationList section */
	};
	rootObject = 033DCA222BEA92E500FD4B83 /* Project object */;
}
